
Microsoft Visual Studio Solution File, Format Version 12.00
# Visual Studio Version 16
VisualStudioVersion = 16.0.31727.386
MinimumVisualStudioVersion = 10.0.40219.1
Project("{FAE04EC0-301F-11D3-BF4B-00C04F79EFBC}") = "Library Management System", "Library Management System.csproj", "{E3A45EC9-B3C5-47BF-899A-01B2D5278C0B}"
EndProject
Global
	GlobalSection(SolutionConfigurationPlatforms) = preSolution
		Debug|Any CPU = Debug|Any CPU
		Release|Any CPU = Release|Any CPU
	EndGlobalSection
	GlobalSection(ProjectConfigurationPlatforms) = postSolution
		{E3A45EC9-B3C5-47BF-899A-01B2D5278C0B}.Debug|Any CPU.ActiveCfg = Debug|Any CPU
		{E3A45EC9-B3C5-47BF-899A-01B2D5278C0B}.Debug|Any CPU.Build.0 = Debug|Any CPU
		{E3A45EC9-B3C5-47BF-899A-01B2D5278C0B}.Release|Any CPU.ActiveCfg = Release|Any CPU
		{E3A45EC9-B3C5-47BF-899A-01B2D5278C0B}.Release|Any CPU.Build.0 = Release|Any CPU
	EndGlobalSection
	GlobalSection(SolutionProperties) = preSolution
		HideSolutionNode = FALSE
	EndGlobalSection
	GlobalSection(ExtensibilityGlobals) = postSolution
		SolutionGuid = {23B5E21B-38F3-4093-A20C-C00A5FD42DF4}
	EndGlobalSection
EndGlobal
